
Microsoft Visual Studio Solution File, Format Version 12.00
# Visual Studio 15
VisualStudioVersion = 15.0.28307.489
MinimumVisualStudioVersion = 10.0.40219.1
Project("{8BC9CEB8-8B4A-11D0-8D11-00A0C91BC942}") = "10.7", "10.7\10.7.vcxproj", "{FB15E8DA-6BB6-4FF4-B7D7-75C1BAE8D134}"
EndProject
Global
	GlobalSection(SolutionConfigurationPlatforms) = preSolution
		Debug|x64 = Debug|x64
		Debug|x86 = Debug|x86
		Release|x64 = Release|x64
		Release|x86 = Release|x86
	EndGlobalSection
	GlobalSection(ProjectConfigurationPlatforms) = postSolution
		{FB15E8DA-6BB6-4FF4-B7D7-75C1BAE8D134}.Debug|x64.ActiveCfg = Debug|x64
		{FB15E8DA-6BB6-4FF4-B7D7-75C1BAE8D134}.Debug|x64.Build.0 = Debug|x64
		{FB15E8DA-6BB6-4FF4-B7D7-75C1BAE8D134}.Debug|x86.ActiveCfg = Debug|Win32
		{FB15E8DA-6BB6-4FF4-B7D7-75C1BAE8D134}.Debug|x86.Build.0 = Debug|Win32
		{FB15E8DA-6BB6-4FF4-B7D7-75C1BAE8D134}.Release|x64.ActiveCfg = Release|x64
		{FB15E8DA-6BB6-4FF4-B7D7-75C1BAE8D134}.Release|x64.Build.0 = Release|x64
		{FB15E8DA-6BB6-4FF4-B7D7-75C1BAE8D134}.Release|x86.ActiveCfg = Release|Win32
		{FB15E8DA-6BB6-4FF4-B7D7-75C1BAE8D134}.Release|x86.Build.0 = Release|Win32
	EndGlobalSection
	GlobalSection(SolutionProperties) = preSolution
		HideSolutionNode = FALSE
	EndGlobalSection
	GlobalSection(ExtensibilityGlobals) = postSolution
		SolutionGuid = {C96AD853-A3FB-4B87-9DE4-925AA8EA765C}
	EndGlobalSection
EndGlobal
