# THIS IS AN AUTOGENERATED FILE. DO NOT EDIT THIS FILE DIRECTLY.
# yarn lockfile v1


"@thi.ng/api@^6.0.1":
  version "6.0.1"
  resolved "https://registry.yarnpkg.com/@thi.ng/api/-/api-6.0.1.tgz#d4a7f2be5ab81866b9d6659b012ea35b8c4fd43b"
  integrity sha512-GWOpOvcO8JDa1at+9+3uiaqm9mjeCk9QyI89F79X9xu+1Pu3dXTuS8+nnYNGBtyZ+NR9JhAcng1jBcaeHSggAg==
  dependencies:
    "@thi.ng/errors" "^1.0.5"

"@thi.ng/arrays@^0.1.6":
  version "0.1.6"
  resolved "https://registry.yarnpkg.com/@thi.ng/arrays/-/arrays-0.1.6.tgz#c2b8696935b2e04489650aee73d3b8b5d3baf5e5"
  integrity sha512-q2vAnTgjZl9Hpg3j2KYqt3LwKbZs5T625gxk8ZsPxAPN/iyc6OcWjNzuwhdu/8zacNe1r4Oh14v74cz+16F+gg==
  dependencies:
    "@thi.ng/api" "^6.0.1"
    "@thi.ng/checks" "^2.1.5"
    "@thi.ng/compare" "^1.0.5"
    "@thi.ng/equiv" "^1.0.5"
    "@thi.ng/errors" "^1.0.5"
    "@thi.ng/random" "^1.1.4"

"@thi.ng/binary@^1.0.5":
  version "1.0.5"
  resolved "https://registry.yarnpkg.com/@thi.ng/binary/-/binary-1.0.5.tgz#b2e79d6d7eef91eac763ed33c110bf90742dc970"
  integrity sha512-gVcuaxnSZgx23PJ/wOfKbmJM3zpL710p3KEGWldlS/XJgV+AGCYa8SnXXeLy7qIN18LZOaboj/Gd4H8HSQM0Gg==

"@thi.ng/checks@^2.1.5":
  version "2.1.5"
  resolved "https://registry.yarnpkg.com/@thi.ng/checks/-/checks-2.1.5.tgz#fa09da3788a4c1edbc1680c3ca415a11da12bb88"
  integrity sha512-y7GtlRsZHb3KE1W5xMnkMK17mgBf2J9Xxe4Un8XYw06ycZj4iD8T1JSAu3YTGHBmDEmivW/6azsdSk2lYGYsjw==

"@thi.ng/compare@^1.0.5":
  version "1.0.5"
  resolved "https://registry.yarnpkg.com/@thi.ng/compare/-/compare-1.0.5.tgz#b8c85bea90f027213666f4b3a072135fe4bb8031"
  integrity sha512-23kt08QyoCqCBsbIhpXzs29k+b725AP7z3xiFwGiG5WWDW9u7a1E9K364hJmlx/O46x3OlUhOqaTkSG3Ufu1ig==

"@thi.ng/compose@^1.2.2":
  version "1.2.2"
  resolved "https://registry.yarnpkg.com/@thi.ng/compose/-/compose-1.2.2.tgz#ceeffb0e8f20cb06ef8f15d08bed6de4510ddc55"
  integrity sha512-DvJtKMApZDyIGc/sDghaXGXTzLnBC7+qOq14oGOB43Jd/z6bDIjZf7CK6bAd1KXB30KmjEwMf06i9PvqpezjVQ==
  dependencies:
    "@thi.ng/api" "^6.0.1"
    "@thi.ng/errors" "^1.0.5"

"@thi.ng/equiv@^1.0.5":
  version "1.0.5"
  resolved "https://registry.yarnpkg.com/@thi.ng/equiv/-/equiv-1.0.5.tgz#3aa6da87edeb3b3713131f88d0daf172d12b95cc"
  integrity sha512-zuiiDgfOCUlDm+h0+du515xxbzGFSM96tLwC184JXnVQTUOPbrfm0dngGrbaNidPENWFigjIqmIL4Ix37wp2mw==

"@thi.ng/errors@^1.0.5":
  version "1.0.5"
  resolved "https://registry.yarnpkg.com/@thi.ng/errors/-/errors-1.0.5.tgz#55c783fc3c632e8692e01bbd236984011320d4ad"
  integrity sha512-dnYBIedFxE/qN5KpK1EIJFAm4UGNIn//7lLJlz+1rWfiYiFhgsF27R4WfrqBZ5guVGL8QFBbmDrdfdw134aQaQ==

"@thi.ng/geom-hull@^0.0.16":
  version "0.0.16"
  resolved "https://registry.yarnpkg.com/@thi.ng/geom-hull/-/geom-hull-0.0.16.tgz#e5557db57b96d303aef74127ba936329b31f0c7d"
  integrity sha512-wHNg2u9aU4vHdXPaCs5o0lAbghut4mLeFs97QiVBuuLDNAAbalWSajQ1fl1a4bpcJrXvA1j6EhXpvtrbP1/b9A==
  dependencies:
    "@thi.ng/math" "^1.2.2"
    "@thi.ng/vectors" "^2.5.3"

"@thi.ng/math@^1.2.2":
  version "1.2.2"
  resolved "https://registry.yarnpkg.com/@thi.ng/math/-/math-1.2.2.tgz#9eb6a2f4c1f79b0cb89014e4c46c0a38bf9b0094"
  integrity sha512-JO7lZY4LFd4YqN13rRfFuueVn0GFbFqKxfOKJT+rMBle5XWZceFfXwf/BrHiJTv/1MRtGfmFAcS1lZPv+iIRXg==

"@thi.ng/memoize@^1.0.6":
  version "1.0.6"
  resolved "https://registry.yarnpkg.com/@thi.ng/memoize/-/memoize-1.0.6.tgz#1d6c26cc90988e3e80c63beb4b0046b3d5e977f0"
  integrity sha512-QBxuxxMZ5yYHRGYfuwqR9gWKpV+133i1oH1Ll929t3RzYB80HwaL9lyGYT4NCTBnmL258tvXPpEVcPfrWf3Qpg==
  dependencies:
    "@thi.ng/api" "^6.0.1"

"@thi.ng/random@^1.1.4":
  version "1.1.4"
  resolved "https://registry.yarnpkg.com/@thi.ng/random/-/random-1.1.4.tgz#d8b97de648329cbf52479b76fd523746e5cd3ef3"
  integrity sha512-55IsIpsgYwaT39KAxi8DKd67WBJHtEAD7CPeePjMEvZ1/eNU5ywiVtwDCT3fS0AAjoc0YV0E5EZ1fTd7WUYfuw==
  dependencies:
    "@thi.ng/api" "^6.0.1"

"@thi.ng/strings@^1.1.0":
  version "1.1.0"
  resolved "https://registry.yarnpkg.com/@thi.ng/strings/-/strings-1.1.0.tgz#b7aa83a734ad9369ba416fe79536b4a7c48387c5"
  integrity sha512-K3HpM96eZTyyq2fz1SuLg8b2FQRoUhXTjqL9pN/G8E7Zl8KdwY7ozdl5gCDdqzDlKxVyi/L1XDZgnIRerOR8eQ==
  dependencies:
    "@thi.ng/errors" "^1.0.5"
    "@thi.ng/memoize" "^1.0.6"

"@thi.ng/transducers@^5.3.4":
  version "5.3.4"
  resolved "https://registry.yarnpkg.com/@thi.ng/transducers/-/transducers-5.3.4.tgz#e3ccad29b4a009391fc031449277408bb4f12717"
  integrity sha512-G21hihagjyT2+C6foOLQHOqKQExVSLNXqWi8GrsNT67MU7qLZlwGV481Jr3czNnPg1R+Gxcb+R1rnssarYhMkA==
  dependencies:
    "@thi.ng/api" "^6.0.1"
    "@thi.ng/arrays" "^0.1.6"
    "@thi.ng/checks" "^2.1.5"
    "@thi.ng/compare" "^1.0.5"
    "@thi.ng/compose" "^1.2.2"
    "@thi.ng/equiv" "^1.0.5"
    "@thi.ng/errors" "^1.0.5"
    "@thi.ng/random" "^1.1.4"
    "@thi.ng/strings" "^1.1.0"

"@thi.ng/vectors@^2.5.3":
  version "2.5.3"
  resolved "https://registry.yarnpkg.com/@thi.ng/vectors/-/vectors-2.5.3.tgz#d2b1e621f8ded86647588a2fbdb0c2228bbb5e59"
  integrity sha512-LJuN6k0rl1ysEWWQ/NipGAVYdVC73GqA85WaiQ8nXsJr9Ft0kpmJDym9CmTboGStN297qnKXT+LfLJ3SUPa3GQ==
  dependencies:
    "@thi.ng/api" "^6.0.1"
    "@thi.ng/binary" "^1.0.5"
    "@thi.ng/checks" "^2.1.5"
    "@thi.ng/equiv" "^1.0.5"
    "@thi.ng/errors" "^1.0.5"
    "@thi.ng/math" "^1.2.2"
    "@thi.ng/memoize" "^1.0.6"
    "@thi.ng/random" "^1.1.4"
    "@thi.ng/transducers" "^5.3.4"

lodash.first@^3.0.0:
  version "3.0.0"
  resolved "https://registry.yarnpkg.com/lodash.first/-/lodash.first-3.0.0.tgz#5dae180d7f818ee65fc5b210b104a7bbef98a16a"
  integrity sha1-Xa4YDX+BjuZfxbIQsQSnu++YoWo=

lodash.last@^3.0.0:
  version "3.0.0"
  resolved "https://registry.yarnpkg.com/lodash.last/-/lodash.last-3.0.0.tgz#242f663112dd4c6e63728c60a3c909d1bdadbd4c"
  integrity sha1-JC9mMRLdTG5jcoxgo8kJ0b2tvUw=
